
Microsoft Visual Studio Solution File, Format Version 12.00
# Visual Studio Version 16
VisualStudioVersion = 16.0.34407.143
MinimumVisualStudioVersion = 10.0.40219.1
Project("{FAE04EC0-301F-11D3-BF4B-00C04F79EFBC}") = "Task", "Task\Task.csproj", "{08E3A4B8-194C-42A0-85E2-048923252F3D}"
EndProject
Global
	GlobalSection(SolutionConfigurationPlatforms) = preSolution
		Debug|Any CPU = Debug|Any CPU
		Release|Any CPU = Release|Any CPU
	EndGlobalSection
	GlobalSection(ProjectConfigurationPlatforms) = postSolution
		{08E3A4B8-194C-42A0-85E2-048923252F3D}.Debug|Any CPU.ActiveCfg = Debug|Any CPU
		{08E3A4B8-194C-42A0-85E2-048923252F3D}.Debug|Any CPU.Build.0 = Debug|Any CPU
		{08E3A4B8-194C-42A0-85E2-048923252F3D}.Release|Any CPU.ActiveCfg = Release|Any CPU
		{08E3A4B8-194C-42A0-85E2-048923252F3D}.Release|Any CPU.Build.0 = Release|Any CPU
	EndGlobalSection
	GlobalSection(SolutionProperties) = preSolution
		HideSolutionNode = FALSE
	EndGlobalSection
	GlobalSection(ExtensibilityGlobals) = postSolution
		SolutionGuid = {C079571E-B02F-44AA-9529-949F5B9561CF}
	EndGlobalSection
EndGlobal
